
Microsoft Visual Studio Solution File, Format Version 12.00
# Visual Studio Version 17
VisualStudioVersion = 17.14.36915.13 d17.14
MinimumVisualStudioVersion = 10.0.40219.1
Project("{FAE04EC0-301F-11D3-BF4B-00C04F79EFBC}") = "CinemaProject", "CinemaProject\CinemaProject.csproj", "{62B73719-0743-4A67-BD97-A494E62CF6CE}"
EndProject
Global
	GlobalSection(SolutionConfigurationPlatforms) = preSolution
		Debug|Any CPU = Debug|Any CPU
		Release|Any CPU = Release|Any CPU
	EndGlobalSection
	GlobalSection(ProjectConfigurationPlatforms) = postSolution
		{62B73719-0743-4A67-BD97-A494E62CF6CE}.Debug|Any CPU.ActiveCfg = Debug|Any CPU
		{62B73719-0743-4A67-BD97-A494E62CF6CE}.Debug|Any CPU.Build.0 = Debug|Any CPU
		{62B73719-0743-4A67-BD97-A494E62CF6CE}.Release|Any CPU.ActiveCfg = Release|Any CPU
		{62B73719-0743-4A67-BD97-A494E62CF6CE}.Release|Any CPU.Build.0 = Release|Any CPU
	EndGlobalSection
	GlobalSection(SolutionProperties) = preSolution
		HideSolutionNode = FALSE
	EndGlobalSection
	GlobalSection(ExtensibilityGlobals) = postSolution
		SolutionGuid = {92490D05-19C8-40A0-9B15-62306515A2DC}
	EndGlobalSection
EndGlobal
