
Microsoft Visual Studio Solution File, Format Version 12.00
# Visual Studio Version 17
VisualStudioVersion = 17.13.35825.156 d17.13
MinimumVisualStudioVersion = 10.0.40219.1
Project("{FAE04EC0-301F-11D3-BF4B-00C04F79EFBC}") = "Task 1.1", "Task 1.1\Task 1.1.csproj", "{29D3ED1C-7C7B-4409-AD40-AA91CB254019}"
EndProject
Global
	GlobalSection(SolutionConfigurationPlatforms) = preSolution
		Debug|Any CPU = Debug|Any CPU
		Release|Any CPU = Release|Any CPU
	EndGlobalSection
	GlobalSection(ProjectConfigurationPlatforms) = postSolution
		{29D3ED1C-7C7B-4409-AD40-AA91CB254019}.Debug|Any CPU.ActiveCfg = Debug|Any CPU
		{29D3ED1C-7C7B-4409-AD40-AA91CB254019}.Debug|Any CPU.Build.0 = Debug|Any CPU
		{29D3ED1C-7C7B-4409-AD40-AA91CB254019}.Release|Any CPU.ActiveCfg = Release|Any CPU
		{29D3ED1C-7C7B-4409-AD40-AA91CB254019}.Release|Any CPU.Build.0 = Release|Any CPU
	EndGlobalSection
	GlobalSection(SolutionProperties) = preSolution
		HideSolutionNode = FALSE
	EndGlobalSection
	GlobalSection(ExtensibilityGlobals) = postSolution
		SolutionGuid = {4F026547-CA62-4E8C-8432-44D4DD5924DA}
	EndGlobalSection
EndGlobal
